
Microsoft Visual Studio Solution File, Format Version 12.00
# Visual Studio Version 17
VisualStudioVersion = 17.8.34316.72
MinimumVisualStudioVersion = 10.0.40219.1
Project("{FAE04EC0-301F-11D3-BF4B-00C04F79EFBC}") = "WPF NET7", "WPF NET7.csproj", "{7A1EEF90-9E07-45C4-8662-ED4B64303F6B}"
EndProject
Global
	GlobalSection(SolutionConfigurationPlatforms) = preSolution
		Debug|Any CPU = Debug|Any CPU
		Release|Any CPU = Release|Any CPU
	EndGlobalSection
	GlobalSection(ProjectConfigurationPlatforms) = postSolution
		{7A1EEF90-9E07-45C4-8662-ED4B64303F6B}.Debug|Any CPU.ActiveCfg = Debug|Any CPU
		{7A1EEF90-9E07-45C4-8662-ED4B64303F6B}.Debug|Any CPU.Build.0 = Debug|Any CPU
		{7A1EEF90-9E07-45C4-8662-ED4B64303F6B}.Release|Any CPU.ActiveCfg = Release|Any CPU
		{7A1EEF90-9E07-45C4-8662-ED4B64303F6B}.Release|Any CPU.Build.0 = Release|Any CPU
	EndGlobalSection
	GlobalSection(SolutionProperties) = preSolution
		HideSolutionNode = FALSE
	EndGlobalSection
	GlobalSection(ExtensibilityGlobals) = postSolution
		SolutionGuid = {A6ECC20A-736C-4B6A-A5D9-84421D1F270C}
	EndGlobalSection
EndGlobal
